hash: 20f0a5cf7cbc95be1429bcaa484ce6d68f08e0944aff3733fd83fae3c14ae9e6
updated: 2017-09-27T10:34:22.579257409+02:00
imports:
- name: github.com/golang/protobuf
  version: da116c3771bf4a398a43f44e069195ef1c9688ef
  subpackages:
  - proto
- name: github.com/google/go-github
  version: 511f540f1887d30b88cee4a2fcd1f2922754acf4
  subpackages:
  - github
- name: github.com/google/go-querystring
  version: 53e6ce116135b80d037921a7fdd5138cf32d7a8a
  subpackages:
  - query
- name: golang.org/x/net
  version: 5bc3a08dc8042ac11f2752c257a2367c02ba32e8
  subpackages:
  - context
  - context/ctxhttp
- name: golang.org/x/oauth2
  version: 13449ad91cb26cb47661c1b080790392170385fd
  subpackages:
  - internal
- name: google.golang.org/appengine
  version: 24e4144ec923c2374f6b06610c0df16a9222c3d9
  subpackages:
  - internal
  - internal/base
  - internal/datastore
  - internal/log
  - internal/remote_api
  - internal/urlfetch
  - urlfetch
testImports:
- name: github.com/davecgh/go-spew
  version: 6d212800a42e8ab5c146b8ace3490ee17e5225f9
  subpackages:
  - spew
- name: github.com/pmezard/go-difflib
  version: d8ed2627bdf02c080bf22230dbb337003b7aba2d
  subpackages:
  - difflib
- name: github.com/stretchr/testify
  version: 69483b4bd14f5845b5a1e55bca19e954e827f1d0
  subpackages:
  - assert
